// !$*UTF8*$!
{
	archiveVersion = 1;
	classes = {
	};
	objectVersion = 77;
	objects = {

/* Begin PBXContainerItemProxy section */
		3D926DB32CDD9FAF00FC3570 /* PBXContainerItemProxy */ = {
			isa = PBXContainerItemProxy;
			containerPortal = 3D926D942CDD9FAD00FC3570 /* Project object */;
			proxyType = 1;
			remoteGlobalIDString = 3D926D9B2CDD9FAE00FC3570;
			remoteInfo = FirstUI;
		};
		3D926DBD2CDD9FAF00FC3570 /* PBXContainerItemProxy */ = {
			isa = PBXContainerItemProxy;
			containerPortal = 3D926D942CDD9FAD00FC3570 /* Project object */;
			proxyType = 1;
			remoteGlobalIDString = 3D926D9B2CDD9FAE00FC3570;
			remoteInfo = FirstUI;
		};
/* End PBXContainerItemProxy section */

/* Begin PBXFileReference section */
		3D926D9C2CDD9FAE00FC3570 /* FirstUI.app */ = {isa = PBXFileReference; explicitFileType = wrapper.application; includeInIndex = 0; path = FirstUI.app; sourceTree = BUILT_PRODUCTS_DIR; };
		3D926DB22CDD9FAF00FC3570 /* FirstUITests.xctest */ = {isa = PBXFileReference; explicitFileType = wrapper.cfbundle; includeInIndex = 0; path = FirstUITests.xctest; sourceTree = BUILT_PRODUCTS_DIR; };
		3D926DBC2CDD9FAF00FC3570 /* FirstUIUITests.xctest */ = {isa = PBXFileReference; explicitFileType = wrapper.cfbundle; includeInIndex = 0; path = FirstUIUITests.xctest; sourceTree = BUILT_PRODUCTS_DIR; };
/* End PBXFileReference section */

/* Begin PBXFileSystemSynchronizedBuildFileExceptionSet section */
		3D926DC42CDD9FAF00FC3570 /* Exceptions for "FirstUI" folder in "FirstUI" target */ = {
			isa = PBXFileSystemSynchronizedBuildFileExceptionSet;
			membershipExceptions = (
				Info.plist,
			);
			target = 3D926D9B2CDD9FAE00FC3570 /* FirstUI */;
		};
/* End PBXFileSystemSynchronizedBuildFileExceptionSet section */

/* Begin PBXFileSystemSynchronizedRootGroup section */
		3D926D9E2CDD9FAE00FC3570 /* FirstUI */ = {
			isa = PBXFileSystemSynchronizedRootGroup;
			exceptions = (
				3D926DC42CDD9FAF00FC3570 /* Exceptions for "FirstUI" folder in "FirstUI" target */,
			);
			path = FirstUI;
			sourceTree = "<group>";
		};
		3D926DB52CDD9FAF00FC3570 /* FirstUITests */ = {
			isa = PBXFileSystemSynchronizedRootGroup;
			path = FirstUITests;
			sourceTree = "<group>";
		};
		3D926DBF2CDD9FAF00FC3570 /* FirstUIUITests */ = {
			isa = PBXFileSystemSynchronizedRootGroup;
			path = FirstUIUITests;
			sourceTree = "<group>";
		};
/* End PBXFileSystemSynchronizedRootGroup section */

/* Begin PBXFrameworksBuildPhase section */
		3D926D992CDD9FAE00FC3570 /* Frameworks */ = {
			isa = PBXFrameworksBuildPhase;
			buildActionMask = 2147483647;
			files = (
			);
			runOnlyForDeploymentPostprocessing = 0;
		};
		3D926DAF2CDD9FAF00FC3570 /* Frameworks */ = {
			isa = PBXFrameworksBuildPhase;
			buildActionMask = 2147483647;
			files = (
			);
			runOnlyForDeploymentPostprocessing = 0;
		};
		3D926DB92CDD9FAF00FC3570 /* Frameworks */ = {
			isa = PBXFrameworksBuildPhase;
			buildActionMask = 2147483647;
			files = (
			);
			runOnlyForDeploymentPostprocessing = 0;
		};
/* End PBXFrameworksBuildPhase section */

/* Begin PBXGroup section */
		3D926D932CDD9FAD00FC3570 = {
			isa = PBXGroup;
			children = (
				3D926D9E2CDD9FAE00FC3570 /* FirstUI */,
				3D926DB52CDD9FAF00FC3570 /* FirstUITests */,
				3D926DBF2CDD9FAF00FC3570 /* FirstUIUITests */,
				3D926D9D2CDD9FAE00FC3570 /* Products */,
			);
			sourceTree = "<group>";
		};
		3D926D9D2CDD9FAE00FC3570 /* Products */ = {
			isa = PBXGroup;
			children = (
				3D926D9C2CDD9FAE00FC3570 /* FirstUI.app */,
				3D926DB22CDD9FAF00FC3570 /* FirstUITests.xctest */,
				3D926DBC2CDD9FAF00FC3570 /* FirstUIUITests.xctest */,
			);
			name = Products;
			sourceTree = "<group>";
		};
/* End PBXGroup section */

/* Begin PBXNativeTarget section */
		3D926D9B2CDD9FAE00FC3570 /* FirstUI */ = {
			isa = PBXNativeTarget;
			buildConfigurationList = 3D926DC52CDD9FAF00FC3570 /* Build configuration list for PBXNativeTarget "FirstUI" */;
			buildPhases = (
				3D926D982CDD9FAE00FC3570 /* Sources */,
				3D926D992CDD9FAE00FC3570 /* Frameworks */,
				3D926D9A2CDD9FAE00FC3570 /* Resources */,
			);
			buildRules = (
			);
			dependencies = (
			);
			fileSystemSynchronizedGroups = (
				3D926D9E2CDD9FAE00FC3570 /* FirstUI */,
			);
			name = FirstUI;
			packageProductDependencies = (
			);
			productName = FirstUI;
			productReference = 3D926D9C2CDD9FAE00FC3570 /* FirstUI.app */;
			productType = "com.apple.product-type.application";
		};
		3D926DB12CDD9FAF00FC3570 /* FirstUITests */ = {
			isa = PBXNativeTarget;
			buildConfigurationList = 3D926DCA2CDD9FAF00FC3570 /* Build configuration list for PBXNativeTarget "FirstUITests" */;
			buildPhases = (
				3D926DAE2CDD9FAF00FC3570 /* Sources */,
				3D926DAF2CDD9FAF00FC3570 /* Frameworks */,
				3D926DB02CDD9FAF00FC3570 /* Resources */,
			);
			buildRules = (
			);
			dependencies = (
				3D926DB42CDD9FAF00FC3570 /* PBXTargetDependency */,
			);
			fileSystemSynchronizedGroups = (
				3D926DB52CDD9FAF00FC3570 /* FirstUITests */,
			);
			name = FirstUITests;
			packageProductDependencies = (
			);
			productName = FirstUITests;
			productReference = 3D926DB22CDD9FAF00FC3570 /* FirstUITests.xctest */;
			productType = "com.apple.product-type.bundle.unit-test";
		};
		3D926DBB2CDD9FAF00FC3570 /* FirstUIUITests */ = {
			isa = PBXNativeTarget;
			buildConfigurationList = 3D926DCD2CDD9FAF00FC3570 /* Build configuration list for PBXNativeTarget "FirstUIUITests" */;
			buildPhases = (
				3D926DB82CDD9FAF00FC3570 /* Sources */,
				3D926DB92CDD9FAF00FC3570 /* Frameworks */,
				3D926DBA2CDD9FAF00FC3570 /* Resources */,
			);
			buildRules = (
			);
			dependencies = (
				3D926DBE2CDD9FAF00FC3570 /* PBXTargetDependency */,
			);
			fileSystemSynchronizedGroups = (
				3D926DBF2CDD9FAF00FC3570 /* FirstUIUITests */,
			);
			name = FirstUIUITests;
			packageProductDependencies = (
			);
			productName = FirstUIUITests;
			productReference = 3D926DBC2CDD9FAF00FC3570 /* FirstUIUITests.xctest */;
			productType = "com.apple.product-type.bundle.ui-testing";
		};
/* End PBXNativeTarget section */

/* Begin PBXProject section */
		3D926D942CDD9FAD00FC3570 /* Project object */ = {
			isa = PBXProject;
			attributes = {
				BuildIndependentTargetsInParallel = 1;
				LastSwiftUpdateCheck = 1600;
				LastUpgradeCheck = 1600;
				TargetAttributes = {
					3D926D9B2CDD9FAE00FC3570 = {
						CreatedOnToolsVersion = 16.0;
					};
					3D926DB12CDD9FAF00FC3570 = {
						CreatedOnToolsVersion = 16.0;
						TestTargetID = 3D926D9B2CDD9FAE00FC3570;
					};
					3D926DBB2CDD9FAF00FC3570 = {
						CreatedOnToolsVersion = 16.0;
						TestTargetID = 3D926D9B2CDD9FAE00FC3570;
					};
				};
			};
			buildConfigurationList = 3D926D972CDD9FAD00FC3570 /* Build configuration list for PBXProject "FirstUI" */;
			developmentRegion = en;
			hasScannedForEncodings = 0;
			knownRegions = (
				en,
				Base,
			);
			mainGroup = 3D926D932CDD9FAD00FC3570;
			minimizedProjectReferenceProxies = 1;
			preferredProjectObjectVersion = 77;
			productRefGroup = 3D926D9D2CDD9FAE00FC3570 /* Products */;
			projectDirPath = "";
			projectRoot = "";
			targets = (
				3D926D9B2CDD9FAE00FC3570 /* FirstUI */,
				3D926DB12CDD9FAF00FC3570 /* FirstUITests */,
				3D926DBB2CDD9FAF00FC3570 /* FirstUIUITests */,
			);
		};
/* End PBXProject section */

/* Begin PBXResourcesBuildPhase section */
		3D926D9A2CDD9FAE00FC3570 /* Resources */ = {
			isa = PBXResourcesBuildPhase;
			buildActionMask = 2147483647;
			files = (
			);
			runOnlyForDeploymentPostprocessing = 0;
		};
		3D926DB02CDD9FAF00FC3570 /* Resources */ = {
			isa = PBXResourcesBuildPhase;
			buildActionMask = 2147483647;
			files = (
			);
			runOnlyForDeploymentPostprocessing = 0;
		};
		3D926DBA2CDD9FAF00FC3570 /* Resources */ = {
			isa = PBXResourcesBuildPhase;
			buildActionMask = 2147483647;
			files = (
			);
			runOnlyForDeploymentPostprocessing = 0;
		};
/* End PBXResourcesBuildPhase section */

/* Begin PBXSourcesBuildPhase section */
		3D926D982CDD9FAE00FC3570 /* Sources */ = {
			isa = PBXSourcesBuildPhase;
			buildActionMask = 2147483647;
			files = (
			);
			runOnlyForDeploymentPostprocessing = 0;
		};
		3D926DAE2CDD9FAF00FC3570 /* Sources */ = {
			isa = PBXSourcesBuildPhase;
			buildActionMask = 2147483647;
			files = (
			);
			runOnlyForDeploymentPostprocessing = 0;
		};
		3D926DB82CDD9FAF00FC3570 /* Sources */ = {
			isa = PBXSourcesBuildPhase;
			buildActionMask = 2147483647;
			files = (
			);
			runOnlyForDeploymentPostprocessing = 0;
		};
/* End PBXSourcesBuildPhase section */

/* Begin PBXTargetDependency section */
		3D926DB42CDD9FAF00FC3570 /* PBXTargetDependency */ = {
			isa = PBXTargetDependency;
			target = 3D926D9B2CDD9FAE00FC3570 /* FirstUI */;
			targetProxy = 3D926DB32CDD9FAF00FC3570 /* PBXContainerItemProxy */;
		};
		3D926DBE2CDD9FAF00FC3570 /* PBXTargetDependency */ = {
			isa = PBXTargetDependency;
			target = 3D926D9B2CDD9FAE00FC3570 /* FirstUI */;
			targetProxy = 3D926DBD2CDD9FAF00FC3570 /* PBXContainerItemProxy */;
		};
/* End PBXTargetDependency section */

/* Begin XCBuildConfiguration section */
		3D926DC62CDD9FAF00FC3570 /* Debug */ = {
			isa = XCBuildConfiguration;
			buildSettings = {
				ASSETCATALOG_COMPILER_APPICON_NAME = AppIcon;
				ASSETCATALOG_COMPILER_GLOBAL_ACCENT_COLOR_NAME = AccentColor;
				CODE_SIGN_STYLE = Automatic;
				CURRENT_PROJECT_VERSION = 1;
				GENERATE_INFOPLIST_FILE = YES;
				INFOPLIST_FILE = FirstUI/Info.plist;
				INFOPLIST_KEY_UIApplicationSupportsIndirectInputEvents = YES;
				INFOPLIST_KEY_UILaunchStoryboardName = LaunchScreen;
				INFOPLIST_KEY_UIMainStoryboardFile = Main;
				INFOPLIST_KEY_UISupportedInterfaceOrientations_iPad = "UIInterfaceOrientationPortrait UIInterfaceOrientationPortraitUpsideDown UIInterfaceOrientationLandscapeLeft UIInterfaceOrientationLandscapeRight";
				INFOPLIST_KEY_UISupportedInterfaceOrientations_iPhone = "UIInterfaceOrientationPortrait UIInterfaceOrientationLandscapeLeft UIInterfaceOrientationLandscapeRight";
				LD_RUNPATH_SEARCH_PATHS = (
					"$(inherited)",
					"@executable_path/Frameworks",
				);
				MARKETING_VERSION = 1.0;
				PRODUCT_BUNDLE_IDENTIFIER = com.ba.FirstUI;
				PRODUCT_NAME = "$(TARGET_NAME)";
				SWIFT_EMIT_LOC_STRINGS = YES;
				SWIFT_VERSION = 5.0;
				TARGETED_DEVICE_FAMILY = "1,2";
			};
			name = Debug;
		};
		3D926DC72CDD9FAF00FC3570 /* Release */ = {
			isa = XCBuildConfiguration;
			buildSettings = {
				ASSETCATALOG_COMPILER_APPICON_NAME = AppIcon;
				ASSETCATALOG_COMPILER_GLOBAL_ACCENT_COLOR_NAME = AccentColor;
				CODE_SIGN_STYLE = Automatic;
				CURRENT_PROJECT_VERSION = 1;
				GENERATE_INFOPLIST_FILE = YES;
				INFOPLIST_FILE = FirstUI/Info.plist;
				INFOPLIST_KEY_UIApplicationSupportsIndirectInputEvents = YES;
				INFOPLIST_KEY_UILaunchStoryboardName = LaunchScreen;
				INFOPLIST_KEY_UIMainStoryboardFile = Main;
				INFOPLIST_KEY_UISupportedInterfaceOrientations_iPad = "UIInterfaceOrientationPortrait UIInterfaceOrientationPortraitUpsideDown UIInterfaceOrientationLandscapeLeft UIInterfaceOrientationLandscapeRight";
				INFOPLIST_KEY_UISupportedInterfaceOrientations_iPhone = "UIInterfaceOrientationPortrait UIInterfaceOrientationLandscapeLeft UIInterfaceOrientationLandscapeRight";
				LD_RUNPATH_SEARCH_PATHS = (
					"$(inherited)",
					"@executable_path/Frameworks",
				);
				MARKETING_VERSION = 1.0;
				PRODUCT_BUNDLE_IDENTIFIER = com.ba.FirstUI;
				PRODUCT_NAME = "$(TARGET_NAME)";
				SWIFT_EMIT_LOC_STRINGS = YES;
				SWIFT_VERSION = 5.0;
				TARGETED_DEVICE_FAMILY = "1,2";
			};
			name = Release;
		};
		3D926DC82CDD9FAF00FC3570 /* Debug */ = {
			isa = XCBuildConfiguration;
			buildSettings = {
				ALWAYS_SEARCH_USER_PATHS = NO;
				ASSETCATALOG_COMPILER_GENERATE_SWIFT_ASSET_SYMBOL_EXTENSIONS = YES;
				CLANG_ANALYZER_NONNULL = YES;
				CLANG_ANALYZER_NUMBER_OBJECT_CONVERSION = YES_AGGRESSIVE;
				CLANG_CXX_LANGUAGE_STANDARD = "gnu++20";
				CLANG_ENABLE_MODULES = YES;
				CLANG_ENABLE_OBJC_ARC = YES;
				CLANG_ENABLE_OBJC_WEAK = YES;
				CLANG_WARN_BLOCK_CAPTURE_AUTORELEASING = YES;
				CLANG_WARN_BOOL_CONVERSION = YES;
				CLANG_WARN_COMMA = YES;
				CLANG_WARN_CONSTANT_CONVERSION = YES;
				CLANG_WARN_DEPRECATED_OBJC_IMPLEMENTATIONS = YES;
				CLANG_WARN_DIRECT_OBJC_ISA_USAGE = YES_ERROR;
				CLANG_WARN_DOCUMENTATION_COMMENTS = YES;
				CLANG_WARN_EMPTY_BODY = YES;
				CLANG_WARN_ENUM_CONVERSION = YES;
				CLANG_WARN_INFINITE_RECURSION = YES;
				CLANG_WARN_INT_CONVERSION = YES;
				CLANG_WARN_NON_LITERAL_NULL_CONVERSION = YES;
				CLANG_WARN_OBJC_IMPLICIT_RETAIN_SELF = YES;
				CLANG_WARN_OBJC_LITERAL_CONVERSION = YES;
				CLANG_WARN_OBJC_ROOT_CLASS = YES_ERROR;
				CLANG_WARN_QUOTED_INCLUDE_IN_FRAMEWORK_HEADER = YES;
				CLANG_WARN_RANGE_LOOP_ANALYSIS = YES;
				CLANG_WARN_STRICT_PROTOTYPES = YES;
				CLANG_WARN_SUSPICIOUS_MOVE = YES;
				CLANG_WARN_UNGUARDED_AVAILABILITY = YES_AGGRESSIVE;
				CLANG_WARN_UNREACHABLE_CODE = YES;
				CLANG_WARN__DUPLICATE_METHOD_MATCH = YES;
				COPY_PHASE_STRIP = NO;
				DEBUG_INFORMATION_FORMAT = dwarf;
				ENABLE_STRICT_OBJC_MSGSEND = YES;
				ENABLE_TESTABILITY = YES;
				ENABLE_USER_SCRIPT_SANDBOXING = YES;
				GCC_C_LANGUAGE_STANDARD = gnu17;
				GCC_DYNAMIC_NO_PIC = NO;
				GCC_NO_COMMON_BLOCKS = YES;
				GCC_OPTIMIZATION_LEVEL = 0;
				GCC_PREPROCESSOR_DEFINITIONS = (
					"DEBUG=1",
					"$(inherited)",
				);
				GCC_WARN_64_TO_32_BIT_CONVERSION = YES;
				GCC_WARN_ABOUT_RETURN_TYPE = YES_ERROR;
				GCC_WARN_UNDECLARED_SELECTOR = YES;
				GCC_WARN_UNINITIALIZED_AUTOS = YES_AGGRESSIVE;
				GCC_WARN_UNUSED_FUNCTION = YES;
				GCC_WARN_UNUSED_VARIABLE = YES;
				IPHONEOS_DEPLOYMENT_TARGET = 18.0;
				LOCALIZATION_PREFERS_STRING_CATALOGS = YES;
				MTL_ENABLE_DEBUG_INFO = INCLUDE_SOURCE;
				MTL_FAST_MATH = YES;
				ONLY_ACTIVE_ARCH = YES;
				SDKROOT = iphoneos;
				SWIFT_ACTIVE_COMPILATION_CONDITIONS = "DEBUG $(inherited)";
				SWIFT_OPTIMIZATION_LEVEL = "-Onone";
			};
			name = Debug;
		};
		3D926DC92CDD9FAF00FC3570 /* Release */ = {
			isa = XCBuildConfiguration;
			buildSettings = {
				ALWAYS_SEARCH_USER_PATHS = NO;
				ASSETCATALOG_COMPILER_GENERATE_SWIFT_ASSET_SYMBOL_EXTENSIONS = YES;
				CLANG_ANALYZER_NONNULL = YES;
				CLANG_ANALYZER_NUMBER_OBJECT_CONVERSION = YES_AGGRESSIVE;
				CLANG_CXX_LANGUAGE_STANDARD = "gnu++20";
				CLANG_ENABLE_MODULES = YES;
				CLANG_ENABLE_OBJC_ARC = YES;
				CLANG_ENABLE_OBJC_WEAK = YES;
				CLANG_WARN_BLOCK_CAPTURE_AUTORELEASING = YES;
				CLANG_WARN_BOOL_CONVERSION = YES;
				CLANG_WARN_COMMA = YES;
				CLANG_WARN_CONSTANT_CONVERSION = YES;
				CLANG_WARN_DEPRECATED_OBJC_IMPLEMENTATIONS = YES;
				CLANG_WARN_DIRECT_OBJC_ISA_USAGE = YES_ERROR;
				CLANG_WARN_DOCUMENTATION_COMMENTS = YES;
				CLANG_WARN_EMPTY_BODY = YES;
				CLANG_WARN_ENUM_CONVERSION = YES;
				CLANG_WARN_INFINITE_RECURSION = YES;
				CLANG_WARN_INT_CONVERSION = YES;
				CLANG_WARN_NON_LITERAL_NULL_CONVERSION = YES;
				CLANG_WARN_OBJC_IMPLICIT_RETAIN_SELF = YES;
				CLANG_WARN_OBJC_LITERAL_CONVERSION = YES;
				CLANG_WARN_OBJC_ROOT_CLASS = YES_ERROR;
				CLANG_WARN_QUOTED_INCLUDE_IN_FRAMEWORK_HEADER = YES;
				CLANG_WARN_RANGE_LOOP_ANALYSIS = YES;
				CLANG_WARN_STRICT_PROTOTYPES = YES;
				CLANG_WARN_SUSPICIOUS_MOVE = YES;
				CLANG_WARN_UNGUARDED_AVAILABILITY = YES_AGGRESSIVE;
				CLANG_WARN_UNREACHABLE_CODE = YES;
				CLANG_WARN__DUPLICATE_METHOD_MATCH = YES;
				COPY_PHASE_STRIP = NO;
				DEBUG_INFORMATION_FORMAT = "dwarf-with-dsym";
				ENABLE_NS_ASSERTIONS = NO;
				ENABLE_STRICT_OBJC_MSGSEND = YES;
				ENABLE_USER_SCRIPT_SANDBOXING = YES;
				GCC_C_LANGUAGE_STANDARD = gnu17;
				GCC_NO_COMMON_BLOCKS = YES;
				GCC_WARN_64_TO_32_BIT_CONVERSION = YES;
				GCC_WARN_ABOUT_RETURN_TYPE = YES_ERROR;
				GCC_WARN_UNDECLARED_SELECTOR = YES;
				GCC_WARN_UNINITIALIZED_AUTOS = YES_AGGRESSIVE;
				GCC_WARN_UNUSED_FUNCTION = YES;
				GCC_WARN_UNUSED_VARIABLE = YES;
				IPHONEOS_DEPLOYMENT_TARGET = 18.0;
				LOCALIZATION_PREFERS_STRING_CATALOGS = YES;
				MTL_ENABLE_DEBUG_INFO = NO;
				MTL_FAST_MATH = YES;
				SDKROOT = iphoneos;
				SWIFT_COMPILATION_MODE = wholemodule;
				VALIDATE_PRODUCT = YES;
			};
			name = Release;
		};
		3D926DCB2CDD9FAF00FC3570 /* Debug */ = {
			isa = XCBuildConfiguration;
			buildSettings = {
				BUNDLE_LOADER = "$(TEST_HOST)";
				CODE_SIGN_STYLE = Automatic;
				CURRENT_PROJECT_VERSION = 1;
				GENERATE_INFOPLIST_FILE = YES;
				IPHONEOS_DEPLOYMENT_TARGET = 18.0;
				MARKETING_VERSION = 1.0;
				PRODUCT_BUNDLE_IDENTIFIER = com.ba.FirstUITests;
				PRODUCT_NAME = "$(TARGET_NAME)";
				SWIFT_EMIT_LOC_STRINGS = NO;
				SWIFT_VERSION = 5.0;
				TARGETED_DEVICE_FAMILY = "1,2";
				TEST_HOST = "$(BUILT_PRODUCTS_DIR)/FirstUI.app/$(BUNDLE_EXECUTABLE_FOLDER_PATH)/FirstUI";
			};
			name = Debug;
		};
		3D926DCC2CDD9FAF00FC3570 /* Release */ = {
			isa = XCBuildConfiguration;
			buildSettings = {
				BUNDLE_LOADER = "$(TEST_HOST)";
				CODE_SIGN_STYLE = Automatic;
				CURRENT_PROJECT_VERSION = 1;
				GENERATE_INFOPLIST_FILE = YES;
				IPHONEOS_DEPLOYMENT_TARGET = 18.0;
				MARKETING_VERSION = 1.0;
				PRODUCT_BUNDLE_IDENTIFIER = com.ba.FirstUITests;
				PRODUCT_NAME = "$(TARGET_NAME)";
				SWIFT_EMIT_LOC_STRINGS = NO;
				SWIFT_VERSION = 5.0;
				TARGETED_DEVICE_FAMILY = "1,2";
				TEST_HOST = "$(BUILT_PRODUCTS_DIR)/FirstUI.app/$(BUNDLE_EXECUTABLE_FOLDER_PATH)/FirstUI";
			};
			name = Release;
		};
		3D926DCE2CDD9FAF00FC3570 /* Debug */ = {
			isa = XCBuildConfiguration;
			buildSettings = {
				CODE_SIGN_STYLE = Automatic;
				CURRENT_PROJECT_VERSION = 1;
				GENERATE_INFOPLIST_FILE = YES;
				MARKETING_VERSION = 1.0;
				PRODUCT_BUNDLE_IDENTIFIER = com.ba.FirstUIUITests;
				PRODUCT_NAME = "$(TARGET_NAME)";
				SWIFT_EMIT_LOC_STRINGS = NO;
				SWIFT_VERSION = 5.0;
				TARGETED_DEVICE_FAMILY = "1,2";
				TEST_TARGET_NAME = FirstUI;
			};
			name = Debug;
		};
		3D926DCF2CDD9FAF00FC3570 /* Release */ = {
			isa = XCBuildConfiguration;
			buildSettings = {
				CODE_SIGN_STYLE = Automatic;
				CURRENT_PROJECT_VERSION = 1;
				GENERATE_INFOPLIST_FILE = YES;
				MARKETING_VERSION = 1.0;
				PRODUCT_BUNDLE_IDENTIFIER = com.ba.FirstUIUITests;
				PRODUCT_NAME = "$(TARGET_NAME)";
				SWIFT_EMIT_LOC_STRINGS = NO;
				SWIFT_VERSION = 5.0;
				TARGETED_DEVICE_FAMILY = "1,2";
				TEST_TARGET_NAME = FirstUI;
			};
			name = Release;
		};
/* End XCBuildConfiguration section */

/* Begin XCConfigurationList section */
		3D926D972CDD9FAD00FC3570 /* Build configuration list for PBXProject "FirstUI" */ = {
			isa = XCConfigurationList;
			buildConfigurations = (
				3D926DC82CDD9FAF00FC3570 /* Debug */,
				3D926DC92CDD9FAF00FC3570 /* Release */,
			);
			defaultConfigurationIsVisible = 0;
			defaultConfigurationName = Release;
		};
		3D926DC52CDD9FAF00FC3570 /* Build configuration list for PBXNativeTarget "FirstUI" */ = {
			isa = XCConfigurationList;
			buildConfigurations = (
				3D926DC62CDD9FAF00FC3570 /* Debug */,
				3D926DC72CDD9FAF00FC3570 /* Release */,
			);
			defaultConfigurationIsVisible = 0;
			defaultConfigurationName = Release;
		};
		3D926DCA2CDD9FAF00FC3570 /* Build configuration list for PBXNativeTarget "FirstUITests" */ = {
			isa = XCConfigurationList;
			buildConfigurations = (
				3D926DCB2CDD9FAF00FC3570 /* Debug */,
				3D926DCC2CDD9FAF00FC3570 /* Release */,
			);
			defaultConfigurationIsVisible = 0;
			defaultConfigurationName = Release;
		};
		3D926DCD2CDD9FAF00FC3570 /* Build configuration list for PBXNativeTarget "FirstUIUITests" */ = {
			isa = XCConfigurationList;
			buildConfigurations = (
				3D926DCE2CDD9FAF00FC3570 /* Debug */,
				3D926DCF2CDD9FAF00FC3570 /* Release */,
			);
			defaultConfigurationIsVisible = 0;
			defaultConfigurationName = Release;
		};
/* End XCConfigurationList section */
	};
	rootObject = 3D926D942CDD9FAD00FC3570 /* Project object */;
}
